
Microsoft Visual Studio Solution File, Format Version 12.00
# Visual Studio Version 17
VisualStudioVersion = 17.14.36717.8 d17.14
MinimumVisualStudioVersion = 10.0.40219.1
Project("{888888A0-9F3D-457C-B088-3A5042F75D52}") = "python-keyword-validator-hashtable", "python-keyword-validator-hashtable\python-keyword-validator-hashtable.pyproj", "{BEE77BAD-D3C7-4391-ACC8-647FBB3A9358}"
EndProject
Global
	GlobalSection(SolutionConfigurationPlatforms) = preSolution
		Debug|Any CPU = Debug|Any CPU
		Release|Any CPU = Release|Any CPU
	EndGlobalSection
	GlobalSection(ProjectConfigurationPlatforms) = postSolution
		{BEE77BAD-D3C7-4391-ACC8-647FBB3A9358}.Debug|Any CPU.ActiveCfg = Debug|Any CPU
		{BEE77BAD-D3C7-4391-ACC8-647FBB3A9358}.Release|Any CPU.ActiveCfg = Release|Any CPU
	EndGlobalSection
	GlobalSection(SolutionProperties) = preSolution
		HideSolutionNode = FALSE
	EndGlobalSection
	GlobalSection(ExtensibilityGlobals) = postSolution
		SolutionGuid = {8AD30323-7F49-458A-9786-C48C4597F0A7}
	EndGlobalSection
EndGlobal
